
Microsoft Visual Studio Solution File, Format Version 12.00
# Visual Studio 2012
Project("{FAE04EC0-301F-11D3-BF4B-00C04F79EFBC}") = "HelloWorld", "HelloWorld\HelloWorld.csproj", "{82B6A788-7669-4564-AA95-7386284231BD}"
EndProject
Global
	GlobalSection(SolutionConfigurationPlatforms) = preSolution
		Debug|Any CPU = Debug|Any CPU
		Release|Any CPU = Release|Any CPU
	EndGlobalSection
	GlobalSection(ProjectConfigurationPlatforms) = postSolution
		{82B6A788-7669-4564-AA95-7386284231BD}.Debug|Any CPU.ActiveCfg = Debug|Any CPU
		{82B6A788-7669-4564-AA95-7386284231BD}.Debug|Any CPU.Build.0 = Debug|Any CPU
		{82B6A788-7669-4564-AA95-7386284231BD}.Release|Any CPU.ActiveCfg = Release|Any CPU
		{82B6A788-7669-4564-AA95-7386284231BD}.Release|Any CPU.Build.0 = Release|Any CPU
	EndGlobalSection
EndGlobal
